
Microsoft Visual Studio Solution File, Format Version 12.00
# Visual Studio Version 16
VisualStudioVersion = 16.0.32106.194
MinimumVisualStudioVersion = 10.0.40219.1
Project("{FAE04EC0-301F-11D3-BF4B-00C04F79EFBC}") = "dailyrate", "dailyrate\dailyrate.csproj", "{51E3733F-500A-4925-96AF-1A4777332129}"
EndProject
Global
	GlobalSection(SolutionConfigurationPlatforms) = preSolution
		Debug|Any CPU = Debug|Any CPU
		Release|Any CPU = Release|Any CPU
	EndGlobalSection
	GlobalSection(ProjectConfigurationPlatforms) = postSolution
		{51E3733F-500A-4925-96AF-1A4777332129}.Debug|Any CPU.ActiveCfg = Debug|Any CPU
		{51E3733F-500A-4925-96AF-1A4777332129}.Debug|Any CPU.Build.0 = Debug|Any CPU
		{51E3733F-500A-4925-96AF-1A4777332129}.Release|Any CPU.ActiveCfg = Release|Any CPU
		{51E3733F-500A-4925-96AF-1A4777332129}.Release|Any CPU.Build.0 = Release|Any CPU
	EndGlobalSection
	GlobalSection(SolutionProperties) = preSolution
		HideSolutionNode = FALSE
	EndGlobalSection
	GlobalSection(ExtensibilityGlobals) = postSolution
		SolutionGuid = {3F2A069A-29F0-4500-8D76-99977571D0C2}
	EndGlobalSection
EndGlobal
