
Microsoft Visual Studio Solution File, Format Version 12.00
# Visual Studio Version 16
VisualStudioVersion = 16.0.32106.194
MinimumVisualStudioVersion = 10.0.40219.1
Project("{FAE04EC0-301F-11D3-BF4B-00C04F79EFBC}") = "TPHeritage", "TPHeritage\TPHeritage.csproj", "{F9D46AEA-6111-4882-A160-084883465993}"
EndProject
Global
	GlobalSection(SolutionConfigurationPlatforms) = preSolution
		Debug|Any CPU = Debug|Any CPU
		Release|Any CPU = Release|Any CPU
	EndGlobalSection
	GlobalSection(ProjectConfigurationPlatforms) = postSolution
		{F9D46AEA-6111-4882-A160-084883465993}.Debug|Any CPU.ActiveCfg = Debug|Any CPU
		{F9D46AEA-6111-4882-A160-084883465993}.Debug|Any CPU.Build.0 = Debug|Any CPU
		{F9D46AEA-6111-4882-A160-084883465993}.Release|Any CPU.ActiveCfg = Release|Any CPU
		{F9D46AEA-6111-4882-A160-084883465993}.Release|Any CPU.Build.0 = Release|Any CPU
	EndGlobalSection
	GlobalSection(SolutionProperties) = preSolution
		HideSolutionNode = FALSE
	EndGlobalSection
	GlobalSection(ExtensibilityGlobals) = postSolution
		SolutionGuid = {633260B4-F724-403D-8929-544F4BD8EC63}
	EndGlobalSection
EndGlobal
