
Microsoft Visual Studio Solution File, Format Version 12.00
# Visual Studio Version 16
VisualStudioVersion = 16.0.32106.194
MinimumVisualStudioVersion = 10.0.40219.1
Project("{FAE04EC0-301F-11D3-BF4B-00C04F79EFBC}") = "TPConvert", "TPConvert\TPConvert.csproj", "{213A733A-CD59-4F10-B18F-2443C835D34E}"
EndProject
Global
	GlobalSection(SolutionConfigurationPlatforms) = preSolution
		Debug|Any CPU = Debug|Any CPU
		Release|Any CPU = Release|Any CPU
	EndGlobalSection
	GlobalSection(ProjectConfigurationPlatforms) = postSolution
		{213A733A-CD59-4F10-B18F-2443C835D34E}.Debug|Any CPU.ActiveCfg = Debug|Any CPU
		{213A733A-CD59-4F10-B18F-2443C835D34E}.Debug|Any CPU.Build.0 = Debug|Any CPU
		{213A733A-CD59-4F10-B18F-2443C835D34E}.Release|Any CPU.ActiveCfg = Release|Any CPU
		{213A733A-CD59-4F10-B18F-2443C835D34E}.Release|Any CPU.Build.0 = Release|Any CPU
	EndGlobalSection
	GlobalSection(SolutionProperties) = preSolution
		HideSolutionNode = FALSE
	EndGlobalSection
	GlobalSection(ExtensibilityGlobals) = postSolution
		SolutionGuid = {61BD3610-0BF0-42BC-838F-76E5F5030B8A}
	EndGlobalSection
EndGlobal
